
Microsoft Visual Studio Solution File, Format Version 12.00
Project("{FAE04EC0-301F-11D3-BF4B-00C04F79EFBC}") = "WpfApplicationSysTech1", "WpfApplicationSysTech1.csproj", "{A27E1851-E701-4935-9B58-32EA65B8FAD1}"
EndProject
Global
	GlobalSection(SolutionConfigurationPlatforms) = preSolution
		Debug|Any CPU = Debug|Any CPU
		Release|Any CPU = Release|Any CPU
	EndGlobalSection
	GlobalSection(ProjectConfigurationPlatforms) = postSolution
		{A27E1851-E701-4935-9B58-32EA65B8FAD1}.Debug|Any CPU.ActiveCfg = Debug|Any CPU
		{A27E1851-E701-4935-9B58-32EA65B8FAD1}.Debug|Any CPU.Build.0 = Debug|Any CPU
		{A27E1851-E701-4935-9B58-32EA65B8FAD1}.Release|Any CPU.ActiveCfg = Release|Any CPU
		{A27E1851-E701-4935-9B58-32EA65B8FAD1}.Release|Any CPU.Build.0 = Release|Any CPU
	EndGlobalSection
EndGlobal
